
Microsoft Visual Studio Solution File, Format Version 12.00
# Visual Studio Version 17
VisualStudioVersion = 17.14.37027.9
MinimumVisualStudioVersion = 10.0.40219.1
Project("{FAE04EC0-301F-11D3-BF4B-00C04F79EFBC}") = "Plejecenter.Api", "Plejecenter.Api\Plejecenter.Api.csproj", "{DAEF2007-3BC8-4A37-A9C2-4E64FBF3B590}"
EndProject
Project("{FAE04EC0-301F-11D3-BF4B-00C04F79EFBC}") = "Plejecenter.Domain", "Plejecenter.Domain\Plejecenter.Domain.csproj", "{9F7C2712-AC8B-4EFE-A831-A727BFD4C3D6}"
EndProject
Project("{FAE04EC0-301F-11D3-BF4B-00C04F79EFBC}") = "Plejecenter.WebApp", "Plejecenter.WebApp\Plejecenter.WebApp.csproj", "{8514A57E-7CDD-48EB-B4C6-593F479C77E4}"
EndProject
Project("{2150E333-8FDC-42A3-9474-1A3956D46DE8}") = "Solution Items", "Solution Items", "{8EC462FD-D22E-90A8-E5CE-7E832BA40C5D}"
	ProjectSection(SolutionItems) = preProject
		connectionString.txt = connectionString.txt
		docker-compose.yml = docker-compose.yml
	EndProjectSection
EndProject
Project("{FAE04EC0-301F-11D3-BF4B-00C04F79EFBC}") = "TestApplication", "TestApplication\TestApplication.csproj", "{01E817A9-543B-42C0-85B3-4B3D539D94E2}"
EndProject
Project("{FAE04EC0-301F-11D3-BF4B-00C04F79EFBC}") = "Plejecenter.Application", "Plejecenter.Application\Plejecenter.Application.csproj", "{44F59E4F-99B4-488E-87BD-960E89DC90AB}"
EndProject
Project("{FAE04EC0-301F-11D3-BF4B-00C04F79EFBC}") = "Plejecenter.Shared", "Plejecenter.Shared\Plejecenter.Shared.csproj", "{67188A53-8FFF-4E72-85FC-B22438A4CEC7}"
EndProject
Project("{FAE04EC0-301F-11D3-BF4B-00C04F79EFBC}") = "Plejecenter.Infrastructure", "Plejecenter.Infrastructure\Plejecenter.Infrastructure.csproj", "{F9DE7B2C-1B7B-4B0A-9C10-5D7EAA3D0C3B}"
EndProject
Project("{FAE04EC0-301F-11D3-BF4B-00C04F79EFBC}") = "Plejecenter.Api.Tests", "Plejecenter.Api.Tests\Plejecenter.Api.Tests.csproj", "{D8C7E20A-7DB1-4BAF-A84E-3C5F0D9BB2F1}"
EndProject
Project("{FAE04EC0-301F-11D3-BF4B-00C04F79EFBC}") = "Plejecenter.Application.Tests", "Plejecenter.Application.Tests\Plejecenter.Application.Tests.csproj", "{0D6F9D62-0D37-4D12-8A3A-3F6A2BDA5B2A}"
EndProject
Project("{FAE04EC0-301F-11D3-BF4B-00C04F79EFBC}") = "Plejecenter.Infrastructure.Tests", "Plejecenter.Infrastructure.Tests\Plejecenter.Infrastructure.Tests.csproj", "{C930244C-7D9F-4A41-9D76-C0A0E8B0EA2D}"
EndProject
Project("{FAE04EC0-301F-11D3-BF4B-00C04F79EFBC}") = "Plejecenter.Domain.Tests", "Plejecenter.Domain.Tests\Plejecenter.Domain.Tests.csproj", "{9E7E5668-8C29-4C07-A4B4-DA7B9B8A84D8}"
EndProject
Project("{2150E333-8FDC-42A3-9474-1A3956D46DE8}") = "Tests", "Tests", "{5AF6A737-6E43-46B2-93CF-6B096E87F5DE}"
EndProject
Global
	GlobalSection(SolutionConfigurationPlatforms) = preSolution
		Debug|Any CPU = Debug|Any CPU
		Debug|x64 = Debug|x64
		Debug|x86 = Debug|x86
		Release|Any CPU = Release|Any CPU
		Release|x64 = Release|x64
		Release|x86 = Release|x86
	EndGlobalSection
	GlobalSection(ProjectConfigurationPlatforms) = postSolution
		{DAEF2007-3BC8-4A37-A9C2-4E64FBF3B590}.Debug|Any CPU.ActiveCfg = Debug|Any CPU
		{DAEF2007-3BC8-4A37-A9C2-4E64FBF3B590}.Debug|Any CPU.Build.0 = Debug|Any CPU
		{DAEF2007-3BC8-4A37-A9C2-4E64FBF3B590}.Debug|x64.ActiveCfg = Debug|Any CPU
		{DAEF2007-3BC8-4A37-A9C2-4E64FBF3B590}.Debug|x64.Build.0 = Debug|Any CPU
		{DAEF2007-3BC8-4A37-A9C2-4E64FBF3B590}.Debug|x86.ActiveCfg = Debug|Any CPU
		{DAEF2007-3BC8-4A37-A9C2-4E64FBF3B590}.Debug|x86.Build.0 = Debug|Any CPU
		{DAEF2007-3BC8-4A37-A9C2-4E64FBF3B590}.Release|Any CPU.ActiveCfg = Release|Any CPU
		{DAEF2007-3BC8-4A37-A9C2-4E64FBF3B590}.Release|Any CPU.Build.0 = Release|Any CPU
		{DAEF2007-3BC8-4A37-A9C2-4E64FBF3B590}.Release|x64.ActiveCfg = Release|Any CPU
		{DAEF2007-3BC8-4A37-A9C2-4E64FBF3B590}.Release|x64.Build.0 = Release|Any CPU
		{DAEF2007-3BC8-4A37-A9C2-4E64FBF3B590}.Release|x86.ActiveCfg = Release|Any CPU
		{DAEF2007-3BC8-4A37-A9C2-4E64FBF3B590}.Release|x86.Build.0 = Release|Any CPU
		{9F7C2712-AC8B-4EFE-A831-A727BFD4C3D6}.Debug|Any CPU.ActiveCfg = Debug|Any CPU
		{9F7C2712-AC8B-4EFE-A831-A727BFD4C3D6}.Debug|Any CPU.Build.0 = Debug|Any CPU
		{9F7C2712-AC8B-4EFE-A831-A727BFD4C3D6}.Debug|x64.ActiveCfg = Debug|Any CPU
		{9F7C2712-AC8B-4EFE-A831-A727BFD4C3D6}.Debug|x64.Build.0 = Debug|Any CPU
		{9F7C2712-AC8B-4EFE-A831-A727BFD4C3D6}.Debug|x86.ActiveCfg = Debug|Any CPU
		{9F7C2712-AC8B-4EFE-A831-A727BFD4C3D6}.Debug|x86.Build.0 = Debug|Any CPU
		{9F7C2712-AC8B-4EFE-A831-A727BFD4C3D6}.Release|Any CPU.ActiveCfg = Release|Any CPU
		{9F7C2712-AC8B-4EFE-A831-A727BFD4C3D6}.Release|Any CPU.Build.0 = Release|Any CPU
		{9F7C2712-AC8B-4EFE-A831-A727BFD4C3D6}.Release|x64.ActiveCfg = Release|Any CPU
		{9F7C2712-AC8B-4EFE-A831-A727BFD4C3D6}.Release|x64.Build.0 = Release|Any CPU
		{9F7C2712-AC8B-4EFE-A831-A727BFD4C3D6}.Release|x86.ActiveCfg = Release|Any CPU
		{9F7C2712-AC8B-4EFE-A831-A727BFD4C3D6}.Release|x86.Build.0 = Release|Any CPU
		{8514A57E-7CDD-48EB-B4C6-593F479C77E4}.Debug|Any CPU.ActiveCfg = Debug|Any CPU
		{8514A57E-7CDD-48EB-B4C6-593F479C77E4}.Debug|Any CPU.Build.0 = Debug|Any CPU
		{8514A57E-7CDD-48EB-B4C6-593F479C77E4}.Debug|x64.ActiveCfg = Debug|Any CPU
		{8514A57E-7CDD-48EB-B4C6-593F479C77E4}.Debug|x64.Build.0 = Debug|Any CPU
		{8514A57E-7CDD-48EB-B4C6-593F479C77E4}.Debug|x86.ActiveCfg = Debug|Any CPU
		{8514A57E-7CDD-48EB-B4C6-593F479C77E4}.Debug|x86.Build.0 = Debug|Any CPU
		{8514A57E-7CDD-48EB-B4C6-593F479C77E4}.Release|Any CPU.ActiveCfg = Release|Any CPU
		{8514A57E-7CDD-48EB-B4C6-593F479C77E4}.Release|Any CPU.Build.0 = Release|Any CPU
		{8514A57E-7CDD-48EB-B4C6-593F479C77E4}.Release|x64.ActiveCfg = Release|Any CPU
		{8514A57E-7CDD-48EB-B4C6-593F479C77E4}.Release|x64.Build.0 = Release|Any CPU
		{8514A57E-7CDD-48EB-B4C6-593F479C77E4}.Release|x86.ActiveCfg = Release|Any CPU
		{8514A57E-7CDD-48EB-B4C6-593F479C77E4}.Release|x86.Build.0 = Release|Any CPU
		{01E817A9-543B-42C0-85B3-4B3D539D94E2}.Debug|Any CPU.ActiveCfg = Debug|Any CPU
		{01E817A9-543B-42C0-85B3-4B3D539D94E2}.Debug|Any CPU.Build.0 = Debug|Any CPU
		{01E817A9-543B-42C0-85B3-4B3D539D94E2}.Debug|x64.ActiveCfg = Debug|Any CPU
		{01E817A9-543B-42C0-85B3-4B3D539D94E2}.Debug|x64.Build.0 = Debug|Any CPU
		{01E817A9-543B-42C0-85B3-4B3D539D94E2}.Debug|x86.ActiveCfg = Debug|Any CPU
		{01E817A9-543B-42C0-85B3-4B3D539D94E2}.Debug|x86.Build.0 = Debug|Any CPU
		{01E817A9-543B-42C0-85B3-4B3D539D94E2}.Release|Any CPU.ActiveCfg = Release|Any CPU
		{01E817A9-543B-42C0-85B3-4B3D539D94E2}.Release|Any CPU.Build.0 = Release|Any CPU
		{01E817A9-543B-42C0-85B3-4B3D539D94E2}.Release|x64.ActiveCfg = Release|Any CPU
		{01E817A9-543B-42C0-85B3-4B3D539D94E2}.Release|x64.Build.0 = Release|Any CPU
		{01E817A9-543B-42C0-85B3-4B3D539D94E2}.Release|x86.ActiveCfg = Release|Any CPU
		{01E817A9-543B-42C0-85B3-4B3D539D94E2}.Release|x86.Build.0 = Release|Any CPU
		{44F59E4F-99B4-488E-87BD-960E89DC90AB}.Debug|Any CPU.ActiveCfg = Debug|Any CPU
		{44F59E4F-99B4-488E-87BD-960E89DC90AB}.Debug|Any CPU.Build.0 = Debug|Any CPU
		{44F59E4F-99B4-488E-87BD-960E89DC90AB}.Debug|x64.ActiveCfg = Debug|Any CPU
		{44F59E4F-99B4-488E-87BD-960E89DC90AB}.Debug|x64.Build.0 = Debug|Any CPU
		{44F59E4F-99B4-488E-87BD-960E89DC90AB}.Debug|x86.ActiveCfg = Debug|Any CPU
		{44F59E4F-99B4-488E-87BD-960E89DC90AB}.Debug|x86.Build.0 = Debug|Any CPU
		{44F59E4F-99B4-488E-87BD-960E89DC90AB}.Release|Any CPU.ActiveCfg = Release|Any CPU
		{44F59E4F-99B4-488E-87BD-960E89DC90AB}.Release|Any CPU.Build.0 = Release|Any CPU
		{44F59E4F-99B4-488E-87BD-960E89DC90AB}.Release|x64.ActiveCfg = Release|Any CPU
		{44F59E4F-99B4-488E-87BD-960E89DC90AB}.Release|x64.Build.0 = Release|Any CPU
		{44F59E4F-99B4-488E-87BD-960E89DC90AB}.Release|x86.ActiveCfg = Release|Any CPU
		{44F59E4F-99B4-488E-87BD-960E89DC90AB}.Release|x86.Build.0 = Release|Any CPU
		{67188A53-8FFF-4E72-85FC-B22438A4CEC7}.Debug|Any CPU.ActiveCfg = Debug|Any CPU
		{67188A53-8FFF-4E72-85FC-B22438A4CEC7}.Debug|Any CPU.Build.0 = Debug|Any CPU
		{67188A53-8FFF-4E72-85FC-B22438A4CEC7}.Debug|x64.ActiveCfg = Debug|Any CPU
		{67188A53-8FFF-4E72-85FC-B22438A4CEC7}.Debug|x64.Build.0 = Debug|Any CPU
		{67188A53-8FFF-4E72-85FC-B22438A4CEC7}.Debug|x86.ActiveCfg = Debug|Any CPU
		{67188A53-8FFF-4E72-85FC-B22438A4CEC7}.Debug|x86.Build.0 = Debug|Any CPU
		{67188A53-8FFF-4E72-85FC-B22438A4CEC7}.Release|Any CPU.ActiveCfg = Release|Any CPU
		{67188A53-8FFF-4E72-85FC-B22438A4CEC7}.Release|Any CPU.Build.0 = Release|Any CPU
		{67188A53-8FFF-4E72-85FC-B22438A4CEC7}.Release|x64.ActiveCfg = Release|Any CPU
		{67188A53-8FFF-4E72-85FC-B22438A4CEC7}.Release|x64.Build.0 = Release|Any CPU
		{67188A53-8FFF-4E72-85FC-B22438A4CEC7}.Release|x86.ActiveCfg = Release|Any CPU
		{67188A53-8FFF-4E72-85FC-B22438A4CEC7}.Release|x86.Build.0 = Release|Any CPU
		{F9DE7B2C-1B7B-4B0A-9C10-5D7EAA3D0C3B}.Debug|Any CPU.ActiveCfg = Debug|Any CPU
		{F9DE7B2C-1B7B-4B0A-9C10-5D7EAA3D0C3B}.Debug|Any CPU.Build.0 = Debug|Any CPU
		{F9DE7B2C-1B7B-4B0A-9C10-5D7EAA3D0C3B}.Debug|x64.ActiveCfg = Debug|Any CPU
		{F9DE7B2C-1B7B-4B0A-9C10-5D7EAA3D0C3B}.Debug|x64.Build.0 = Debug|Any CPU
		{F9DE7B2C-1B7B-4B0A-9C10-5D7EAA3D0C3B}.Debug|x86.ActiveCfg = Debug|Any CPU
		{F9DE7B2C-1B7B-4B0A-9C10-5D7EAA3D0C3B}.Debug|x86.Build.0 = Debug|Any CPU
		{F9DE7B2C-1B7B-4B0A-9C10-5D7EAA3D0C3B}.Release|Any CPU.ActiveCfg = Release|Any CPU
		{F9DE7B2C-1B7B-4B0A-9C10-5D7EAA3D0C3B}.Release|Any CPU.Build.0 = Release|Any CPU
		{F9DE7B2C-1B7B-4B0A-9C10-5D7EAA3D0C3B}.Release|x64.ActiveCfg = Release|Any CPU
		{F9DE7B2C-1B7B-4B0A-9C10-5D7EAA3D0C3B}.Release|x64.Build.0 = Release|Any CPU
		{F9DE7B2C-1B7B-4B0A-9C10-5D7EAA3D0C3B}.Release|x86.ActiveCfg = Release|Any CPU
		{F9DE7B2C-1B7B-4B0A-9C10-5D7EAA3D0C3B}.Release|x86.Build.0 = Release|Any CPU
		{D8C7E20A-7DB1-4BAF-A84E-3C5F0D9BB2F1}.Debug|Any CPU.ActiveCfg = Debug|Any CPU
		{D8C7E20A-7DB1-4BAF-A84E-3C5F0D9BB2F1}.Debug|Any CPU.Build.0 = Debug|Any CPU
		{D8C7E20A-7DB1-4BAF-A84E-3C5F0D9BB2F1}.Debug|x64.ActiveCfg = Debug|Any CPU
		{D8C7E20A-7DB1-4BAF-A84E-3C5F0D9BB2F1}.Debug|x64.Build.0 = Debug|Any CPU
		{D8C7E20A-7DB1-4BAF-A84E-3C5F0D9BB2F1}.Debug|x86.ActiveCfg = Debug|Any CPU
		{D8C7E20A-7DB1-4BAF-A84E-3C5F0D9BB2F1}.Debug|x86.Build.0 = Debug|Any CPU
		{D8C7E20A-7DB1-4BAF-A84E-3C5F0D9BB2F1}.Release|Any CPU.ActiveCfg = Release|Any CPU
		{D8C7E20A-7DB1-4BAF-A84E-3C5F0D9BB2F1}.Release|Any CPU.Build.0 = Release|Any CPU
		{D8C7E20A-7DB1-4BAF-A84E-3C5F0D9BB2F1}.Release|x64.ActiveCfg = Release|Any CPU
		{D8C7E20A-7DB1-4BAF-A84E-3C5F0D9BB2F1}.Release|x64.Build.0 = Release|Any CPU
		{D8C7E20A-7DB1-4BAF-A84E-3C5F0D9BB2F1}.Release|x86.ActiveCfg = Release|Any CPU
		{D8C7E20A-7DB1-4BAF-A84E-3C5F0D9BB2F1}.Release|x86.Build.0 = Release|Any CPU
		{0D6F9D62-0D37-4D12-8A3A-3F6A2BDA5B2A}.Debug|Any CPU.ActiveCfg = Debug|Any CPU
		{0D6F9D62-0D37-4D12-8A3A-3F6A2BDA5B2A}.Debug|Any CPU.Build.0 = Debug|Any CPU
		{0D6F9D62-0D37-4D12-8A3A-3F6A2BDA5B2A}.Debug|x64.ActiveCfg = Debug|Any CPU
		{0D6F9D62-0D37-4D12-8A3A-3F6A2BDA5B2A}.Debug|x64.Build.0 = Debug|Any CPU
		{0D6F9D62-0D37-4D12-8A3A-3F6A2BDA5B2A}.Debug|x86.ActiveCfg = Debug|Any CPU
		{0D6F9D62-0D37-4D12-8A3A-3F6A2BDA5B2A}.Debug|x86.Build.0 = Debug|Any CPU
		{0D6F9D62-0D37-4D12-8A3A-3F6A2BDA5B2A}.Release|Any CPU.ActiveCfg = Release|Any CPU
		{0D6F9D62-0D37-4D12-8A3A-3F6A2BDA5B2A}.Release|Any CPU.Build.0 = Release|Any CPU
		{0D6F9D62-0D37-4D12-8A3A-3F6A2BDA5B2A}.Release|x64.ActiveCfg = Release|Any CPU
		{0D6F9D62-0D37-4D12-8A3A-3F6A2BDA5B2A}.Release|x64.Build.0 = Release|Any CPU
		{0D6F9D62-0D37-4D12-8A3A-3F6A2BDA5B2A}.Release|x86.ActiveCfg = Release|Any CPU
		{0D6F9D62-0D37-4D12-8A3A-3F6A2BDA5B2A}.Release|x86.Build.0 = Release|Any CPU
		{C930244C-7D9F-4A41-9D76-C0A0E8B0EA2D}.Debug|Any CPU.ActiveCfg = Debug|Any CPU
		{C930244C-7D9F-4A41-9D76-C0A0E8B0EA2D}.Debug|Any CPU.Build.0 = Debug|Any CPU
		{C930244C-7D9F-4A41-9D76-C0A0E8B0EA2D}.Debug|x64.ActiveCfg = Debug|Any CPU
		{C930244C-7D9F-4A41-9D76-C0A0E8B0EA2D}.Debug|x64.Build.0 = Debug|Any CPU
		{C930244C-7D9F-4A41-9D76-C0A0E8B0EA2D}.Debug|x86.ActiveCfg = Debug|Any CPU
		{C930244C-7D9F-4A41-9D76-C0A0E8B0EA2D}.Debug|x86.Build.0 = Debug|Any CPU
		{C930244C-7D9F-4A41-9D76-C0A0E8B0EA2D}.Release|Any CPU.ActiveCfg = Release|Any CPU
		{C930244C-7D9F-4A41-9D76-C0A0E8B0EA2D}.Release|Any CPU.Build.0 = Release|Any CPU
		{C930244C-7D9F-4A41-9D76-C0A0E8B0EA2D}.Release|x64.ActiveCfg = Release|Any CPU
		{C930244C-7D9F-4A41-9D76-C0A0E8B0EA2D}.Release|x64.Build.0 = Release|Any CPU
		{C930244C-7D9F-4A41-9D76-C0A0E8B0EA2D}.Release|x86.ActiveCfg = Release|Any CPU
		{C930244C-7D9F-4A41-9D76-C0A0E8B0EA2D}.Release|x86.Build.0 = Release|Any CPU
		{9E7E5668-8C29-4C07-A4B4-DA7B9B8A84D8}.Debug|Any CPU.ActiveCfg = Debug|Any CPU
		{9E7E5668-8C29-4C07-A4B4-DA7B9B8A84D8}.Debug|Any CPU.Build.0 = Debug|Any CPU
		{9E7E5668-8C29-4C07-A4B4-DA7B9B8A84D8}.Debug|x64.ActiveCfg = Debug|Any CPU
		{9E7E5668-8C29-4C07-A4B4-DA7B9B8A84D8}.Debug|x64.Build.0 = Debug|Any CPU
		{9E7E5668-8C29-4C07-A4B4-DA7B9B8A84D8}.Debug|x86.ActiveCfg = Debug|Any CPU
		{9E7E5668-8C29-4C07-A4B4-DA7B9B8A84D8}.Debug|x86.Build.0 = Debug|Any CPU
		{9E7E5668-8C29-4C07-A4B4-DA7B9B8A84D8}.Release|Any CPU.ActiveCfg = Release|Any CPU
		{9E7E5668-8C29-4C07-A4B4-DA7B9B8A84D8}.Release|Any CPU.Build.0 = Release|Any CPU
		{9E7E5668-8C29-4C07-A4B4-DA7B9B8A84D8}.Release|x64.ActiveCfg = Release|Any CPU
		{9E7E5668-8C29-4C07-A4B4-DA7B9B8A84D8}.Release|x64.Build.0 = Release|Any CPU
		{9E7E5668-8C29-4C07-A4B4-DA7B9B8A84D8}.Release|x86.ActiveCfg = Release|Any CPU
		{9E7E5668-8C29-4C07-A4B4-DA7B9B8A84D8}.Release|x86.Build.0 = Release|Any CPU
	EndGlobalSection
	GlobalSection(SolutionProperties) = preSolution
		HideSolutionNode = FALSE
	EndGlobalSection
	GlobalSection(NestedProjects) = preSolution
		{D8C7E20A-7DB1-4BAF-A84E-3C5F0D9BB2F1} = {5AF6A737-6E43-46B2-93CF-6B096E87F5DE}
		{0D6F9D62-0D37-4D12-8A3A-3F6A2BDA5B2A} = {5AF6A737-6E43-46B2-93CF-6B096E87F5DE}
		{C930244C-7D9F-4A41-9D76-C0A0E8B0EA2D} = {5AF6A737-6E43-46B2-93CF-6B096E87F5DE}
		{9E7E5668-8C29-4C07-A4B4-DA7B9B8A84D8} = {5AF6A737-6E43-46B2-93CF-6B096E87F5DE}
	EndGlobalSection
	GlobalSection(ExtensibilityGlobals) = postSolution
		SolutionGuid = {EBE2FE6F-0ED7-4B1A-A915-836184871A31}
	EndGlobalSection
EndGlobal
